{
  "name": "test-process",
  "version": "1.0.0",
  "lockfileVersion": 3,
  "requires": true,
  "packages": {
    "": {
      "name": "test-process",
      "version": "1.0.0",
      "license": "ISC",
      "dependencies": {
        "marked": "^14.1.2"
      }
    },
    "node_modules/marked": {
      "version": "14.1.2",
      "resolved": "https://registry.npmjs.org/marked/-/marked-14.1.2.tgz",
      "integrity": "sha512-f3r0yqpz31VXiDB/wj9GaOB0a2PRLQl6vJmXiFrniNwjkKdvakqJRULhjFKJpxOchlCRiG5fcacoUZY5Xa6PEQ==",
      "bin": {
        "marked": "bin/marked.js"
      },
      "engines": {
        "node": ">= 18"
      }
    }
  }
}
